<?xml version="1.0" encoding="UTF-8"?>
<Scheme
   LastUpgradeVersion = "1000"
   version = "1.3">
   <BuildAction
      parallelizeBuildables = "YES"
      buildImplicitDependencies = "YES">
      <BuildActionEntries>
         <BuildActionEntry
            buildForTesting = "YES"
            buildForRunning = "YES"
            buildForProfiling = "YES"
            buildForArchiving = "YES"
            buildForAnalyzing = "YES">
            <BuildableReference
               BuildableIdentifier = "primary"
               BlueprintIdentifier = "3B15AD09215C4B2D00729DAA"
               BuildableName = "EuroVan Camper Handbook.app"
               BlueprintName = "EuroVan Camper Handbook"
               ReferencedContainer = "container:EuroVan Camper Handbook.xcodeproj">
            </BuildableReference>
         </BuildActionEntry>
      </BuildActionEntries>
   </BuildAction>
   <TestAction
      buildConfiguration = "Debug"
      selectedDebuggerIdentifier = "Xcode.DebuggerFoundation.Debugger.LLDB"
      selectedLauncherIdentifier = "Xcode.DebuggerFoundation.Launcher.LLDB"
      language = "en"
      region = "US"
      shouldUseLaunchSchemeArgsEnv = "YES">
      <Testables>
         <TestableReference
            skipped = "NO">
            <BuildableReference
               BuildableIdentifier = "primary"
               BlueprintIdentifier = "3B15AD1D215C4B2E00729DAA"
               BuildableName = "EuroVan Camper HandbookTests.xctest"
               BlueprintName = "EuroVan Camper HandbookTests"
               ReferencedContainer = "container:EuroVan Camper Handbook.xcodeproj">
            </BuildableReference>
            <SkippedTests>
               <Test
                  Identifier = "EuroVan_Camper_HandbookTests/testPerformanceExample()">
               </Test>
            </SkippedTests>
         </TestableReference>
         <TestableReference
            skipped = "NO">
            <BuildableReference
               BuildableIdentifier = "primary"
               BlueprintIdentifier = "3B15AD28215C4B2E00729DAA"
               BuildableName = "EuroVan Camper HandbookUITests.xctest"
               BlueprintName = "EuroVan Camper HandbookUITests"
               ReferencedContainer = "container:EuroVan Camper Handbook.xcodeproj">
            </BuildableReference>
         </TestableReference>
      </Testables>
      <MacroExpansion>
         <BuildableReference
            BuildableIdentifier = "primary"
            BlueprintIdentifier = "3B15AD09215C4B2D00729DAA"
            BuildableName = "EuroVan Camper Handbook.app"
            BlueprintName = "EuroVan Camper Handbook"
            ReferencedContainer = "container:EuroVan Camper Handbook.xcodeproj">
         </BuildableReference>
      </MacroExpansion>
      <AdditionalOptions>
      </AdditionalOptions>
   </TestAction>
   <LaunchAction
      buildConfiguration = "Debug"
      selectedDebuggerIdentifier = "Xcode.DebuggerFoundation.Debugger.LLDB"
      selectedLauncherIdentifier = "Xcode.DebuggerFoundation.Launcher.LLDB"
      launchStyle = "0"
      useCustomWorkingDirectory = "NO"
      ignoresPersistentStateOnLaunch = "NO"
      debugDocumentVersioning = "YES"
      debugServiceExtension = "internal"
      allowLocationSimulation = "YES">
      <BuildableProductRunnable
         runnableDebuggingMode = "0">
         <BuildableReference
            BuildableIdentifier = "primary"
            BlueprintIdentifier = "3B15AD09215C4B2D00729DAA"
            BuildableName = "EuroVan Camper Handbook.app"
            BlueprintName = "EuroVan Camper Handbook"
            ReferencedContainer = "container:EuroVan Camper Handbook.xcodeproj">
         </BuildableReference>
      </BuildableProductRunnable>
      <AdditionalOptions>
      </AdditionalOptions>
   </LaunchAction>
   <ProfileAction
      buildConfiguration = "Release"
      shouldUseLaunchSchemeArgsEnv = "YES"
      savedToolIdentifier = ""
      useCustomWorkingDirectory = "NO"
      debugDocumentVersioning = "YES">
      <BuildableProductRunnable
         runnableDebuggingMode = "0">
         <BuildableReference
            BuildableIdentifier = "primary"
            BlueprintIdentifier = "3B15AD09215C4B2D00729DAA"
            BuildableName = "EuroVan Camper Handbook.app"
            BlueprintName = "EuroVan Camper Handbook"
            ReferencedContainer = "container:EuroVan Camper Handbook.xcodeproj">
         </BuildableReference>
      </BuildableProductRunnable>
   </ProfileAction>
   <AnalyzeAction
      buildConfiguration = "Debug">
   </AnalyzeAction>
   <ArchiveAction
      buildConfiguration = "Release"
      revealArchiveInOrganizer = "YES">
   </ArchiveAction>
</Scheme>
