// !$*UTF8*$!
{
	archiveVersion = 1;
	classes = {
	};
	objectVersion = 50;
	objects = {

/* Begin PBXBuildFile section */
		3B0F1F0D2145E24F00F5B915 /* 02Eurovan.pdf in Resources */ = {isa = PBXBuildFile; fileRef = 3B0F1F0C2145E24F00F5B915 /* 02Eurovan.pdf */; };
		3B0F1F0F2145E2BC00F5B915 /* 95EuroVanCanadian.pdf in Resources */ = {isa = PBXBuildFile; fileRef = 3B0F1F0E2145E2BC00F5B915 /* 95EuroVanCanadian.pdf */; };
		3BC1497221448DF00091C30F /* 97Eurovan.pdf in Resources */ = {isa = PBXBuildFile; fileRef = 3BC1497121448DF00091C30F /* 97Eurovan.pdf */; };
		3BDD198F2144D0A3009E744A /* TableViewController.m in Sources */ = {isa = PBXBuildFile; fileRef = 3BDD198E2144D0A3009E744A /* TableViewController.m */; };
		3BDD19922144D104009E744A /* TableViewCell.m in Sources */ = {isa = PBXBuildFile; fileRef = 3BDD19912144D104009E744A /* TableViewCell.m */; };
		3BDD19942144D854009E744A /* DocumentCollection.m in Sources */ = {isa = PBXBuildFile; fileRef = 3BDD19932144D854009E744A /* DocumentCollection.m */; };
		3BDD19972144DCD5009E744A /* Document.m in Sources */ = {isa = PBXBuildFile; fileRef = 3BDD19962144DCD5009E744A /* Document.m */; };
		3BDFAF44214348A900143AF2 /* AppDelegate.m in Sources */ = {isa = PBXBuildFile; fileRef = 3BDFAF43214348A900143AF2 /* AppDelegate.m */; };
		3BDFAF4A214348A900143AF2 /* Main.storyboard in Resources */ = {isa = PBXBuildFile; fileRef = 3BDFAF48214348A900143AF2 /* Main.storyboard */; };
		3BDFAF4C214348AA00143AF2 /* Assets.xcassets in Resources */ = {isa = PBXBuildFile; fileRef = 3BDFAF4B214348AA00143AF2 /* Assets.xcassets */; };
		3BDFAF4F214348AA00143AF2 /* LaunchScreen.storyboard in Resources */ = {isa = PBXBuildFile; fileRef = 3BDFAF4D214348AA00143AF2 /* LaunchScreen.storyboard */; };
		3BDFAF52214348AA00143AF2 /* main.m in Sources */ = {isa = PBXBuildFile; fileRef = 3BDFAF51214348AA00143AF2 /* main.m */; };
/* End PBXBuildFile section */

/* Begin PBXFileReference section */
		3B0F1F0C2145E24F00F5B915 /* 02Eurovan.pdf */ = {isa = PBXFileReference; lastKnownFileType = image.pdf; path = 02Eurovan.pdf; sourceTree = "<group>"; };
		3B0F1F0E2145E2BC00F5B915 /* 95EuroVanCanadian.pdf */ = {isa = PBXFileReference; lastKnownFileType = image.pdf; path = 95EuroVanCanadian.pdf; sourceTree = "<group>"; };
		3B5B99F52144520500F6D368 /* WebKit.framework */ = {isa = PBXFileReference; lastKnownFileType = wrapper.framework; name = WebKit.framework; path = System/Library/Frameworks/WebKit.framework; sourceTree = SDKROOT; };
		3BC1497121448DF00091C30F /* 97Eurovan.pdf */ = {isa = PBXFileReference; lastKnownFileType = image.pdf; path = 97Eurovan.pdf; sourceTree = "<group>"; };
		3BDD198D2144D0A3009E744A /* TableViewController.h */ = {isa = PBXFileReference; lastKnownFileType = sourcecode.c.h; path = TableViewController.h; sourceTree = "<group>"; };
		3BDD198E2144D0A3009E744A /* TableViewController.m */ = {isa = PBXFileReference; lastKnownFileType = sourcecode.c.objc; path = TableViewController.m; sourceTree = "<group>"; };
		3BDD19902144D104009E744A /* TableViewCell.h */ = {isa = PBXFileReference; lastKnownFileType = sourcecode.c.h; path = TableViewCell.h; sourceTree = "<group>"; };
		3BDD19912144D104009E744A /* TableViewCell.m */ = {isa = PBXFileReference; lastKnownFileType = sourcecode.c.objc; path = TableViewCell.m; sourceTree = "<group>"; };
		3BDD19932144D854009E744A /* DocumentCollection.m */ = {isa = PBXFileReference; lastKnownFileType = sourcecode.c.objc; path = DocumentCollection.m; sourceTree = "<group>"; };
		3BDD19952144D87C009E744A /* DocumentCollection.h */ = {isa = PBXFileReference; lastKnownFileType = sourcecode.c.h; path = DocumentCollection.h; sourceTree = "<group>"; };
		3BDD19962144DCD5009E744A /* Document.m */ = {isa = PBXFileReference; lastKnownFileType = sourcecode.c.objc; path = Document.m; sourceTree = "<group>"; };
		3BDD19982144DCE8009E744A /* Document.h */ = {isa = PBXFileReference; lastKnownFileType = sourcecode.c.h; path = Document.h; sourceTree = "<group>"; };
		3BDFAF3F214348A900143AF2 /* EVCAppProto.app */ = {isa = PBXFileReference; explicitFileType = wrapper.application; includeInIndex = 0; path = EVCAppProto.app; sourceTree = BUILT_PRODUCTS_DIR; };
		3BDFAF42214348A900143AF2 /* AppDelegate.h */ = {isa = PBXFileReference; lastKnownFileType = sourcecode.c.h; path = AppDelegate.h; sourceTree = "<group>"; };
		3BDFAF43214348A900143AF2 /* AppDelegate.m */ = {isa = PBXFileReference; lastKnownFileType = sourcecode.c.objc; path = AppDelegate.m; sourceTree = "<group>"; };
		3BDFAF49214348A900143AF2 /* Base */ = {isa = PBXFileReference; lastKnownFileType = file.storyboard; name = Base; path = Base.lproj/Main.storyboard; sourceTree = "<group>"; };
		3BDFAF4B214348AA00143AF2 /* Assets.xcassets */ = {isa = PBXFileReference; lastKnownFileType = folder.assetcatalog; path = Assets.xcassets; sourceTree = "<group>"; };
		3BDFAF4E214348AA00143AF2 /* Base */ = {isa = PBXFileReference; lastKnownFileType = file.storyboard; name = Base; path = Base.lproj/LaunchScreen.storyboard; sourceTree = "<group>"; };
		3BDFAF50214348AA00143AF2 /* Info.plist */ = {isa = PBXFileReference; lastKnownFileType = text.plist.xml; path = Info.plist; sourceTree = "<group>"; };
		3BDFAF51214348AA00143AF2 /* main.m */ = {isa = PBXFileReference; lastKnownFileType = sourcecode.c.objc; path = main.m; sourceTree = "<group>"; };
/* End PBXFileReference section */

/* Begin PBXFrameworksBuildPhase section */
		3BDFAF3C214348A900143AF2 /* Frameworks */ = {
			isa = PBXFrameworksBuildPhase;
			buildActionMask = 2147483647;
			files = (
			);
			runOnlyForDeploymentPostprocessing = 0;
		};
/* End PBXFrameworksBuildPhase section */

/* Begin PBXGroup section */
		3B5B99F42144520500F6D368 /* Frameworks */ = {
			isa = PBXGroup;
			children = (
				3B5B99F52144520500F6D368 /* WebKit.framework */,
			);
			name = Frameworks;
			sourceTree = "<group>";
		};
		3BDFAF36214348A900143AF2 = {
			isa = PBXGroup;
			children = (
				3BDFAF41214348A900143AF2 /* EVCAppProto */,
				3BDFAF40214348A900143AF2 /* Products */,
				3B5B99F42144520500F6D368 /* Frameworks */,
			);
			sourceTree = "<group>";
		};
		3BDFAF40214348A900143AF2 /* Products */ = {
			isa = PBXGroup;
			children = (
				3BDFAF3F214348A900143AF2 /* EVCAppProto.app */,
			);
			name = Products;
			sourceTree = "<group>";
		};
		3BDFAF41214348A900143AF2 /* EVCAppProto */ = {
			isa = PBXGroup;
			children = (
				3BDFAF42214348A900143AF2 /* AppDelegate.h */,
				3BDFAF43214348A900143AF2 /* AppDelegate.m */,
				3BDD19982144DCE8009E744A /* Document.h */,
				3BDD19962144DCD5009E744A /* Document.m */,
				3BDD19952144D87C009E744A /* DocumentCollection.h */,
				3BDD19932144D854009E744A /* DocumentCollection.m */,
				3BDD198D2144D0A3009E744A /* TableViewController.h */,
				3BDD198E2144D0A3009E744A /* TableViewController.m */,
				3BDD19902144D104009E744A /* TableViewCell.h */,
				3BDD19912144D104009E744A /* TableViewCell.m */,
				3BDFAF48214348A900143AF2 /* Main.storyboard */,
				3BDFAF4B214348AA00143AF2 /* Assets.xcassets */,
				3BDFAF4D214348AA00143AF2 /* LaunchScreen.storyboard */,
				3BDFAF50214348AA00143AF2 /* Info.plist */,
				3BDFAF51214348AA00143AF2 /* main.m */,
				3B0F1F0E2145E2BC00F5B915 /* 95EuroVanCanadian.pdf */,
				3BC1497121448DF00091C30F /* 97Eurovan.pdf */,
				3B0F1F0C2145E24F00F5B915 /* 02Eurovan.pdf */,
			);
			path = EVCAppProto;
			sourceTree = "<group>";
		};
/* End PBXGroup section */

/* Begin PBXNativeTarget section */
		3BDFAF3E214348A900143AF2 /* EVCAppProto */ = {
			isa = PBXNativeTarget;
			buildConfigurationList = 3BDFAF55214348AA00143AF2 /* Build configuration list for PBXNativeTarget "EVCAppProto" */;
			buildPhases = (
				3BDFAF3B214348A900143AF2 /* Sources */,
				3BDFAF3C214348A900143AF2 /* Frameworks */,
				3BDFAF3D214348A900143AF2 /* Resources */,
			);
			buildRules = (
			);
			dependencies = (
			);
			name = EVCAppProto;
			productName = EVCAppProto;
			productReference = 3BDFAF3F214348A900143AF2 /* EVCAppProto.app */;
			productType = "com.apple.product-type.application";
		};
/* End PBXNativeTarget section */

/* Begin PBXProject section */
		3BDFAF37214348A900143AF2 /* Project object */ = {
			isa = PBXProject;
			attributes = {
				LastUpgradeCheck = 0940;
				ORGANIZATIONNAME = Appamajigger;
				TargetAttributes = {
					3BDFAF3E214348A900143AF2 = {
						CreatedOnToolsVersion = 9.4.1;
					};
				};
			};
			buildConfigurationList = 3BDFAF3A214348A900143AF2 /* Build configuration list for PBXProject "EVCAppProto" */;
			compatibilityVersion = "Xcode 9.3";
			developmentRegion = en;
			hasScannedForEncodings = 0;
			knownRegions = (
				en,
				Base,
			);
			mainGroup = 3BDFAF36214348A900143AF2;
			productRefGroup = 3BDFAF40214348A900143AF2 /* Products */;
			projectDirPath = "";
			projectRoot = "";
			targets = (
				3BDFAF3E214348A900143AF2 /* EVCAppProto */,
			);
		};
/* End PBXProject section */

/* Begin PBXResourcesBuildPhase section */
		3BDFAF3D214348A900143AF2 /* Resources */ = {
			isa = PBXResourcesBuildPhase;
			buildActionMask = 2147483647;
			files = (
				3B0F1F0F2145E2BC00F5B915 /* 95EuroVanCanadian.pdf in Resources */,
				3B0F1F0D2145E24F00F5B915 /* 02Eurovan.pdf in Resources */,
				3BDFAF4F214348AA00143AF2 /* LaunchScreen.storyboard in Resources */,
				3BC1497221448DF00091C30F /* 97Eurovan.pdf in Resources */,
				3BDFAF4C214348AA00143AF2 /* Assets.xcassets in Resources */,
				3BDFAF4A214348A900143AF2 /* Main.storyboard in Resources */,
			);
			runOnlyForDeploymentPostprocessing = 0;
		};
/* End PBXResourcesBuildPhase section */

/* Begin PBXSourcesBuildPhase section */
		3BDFAF3B214348A900143AF2 /* Sources */ = {
			isa = PBXSourcesBuildPhase;
			buildActionMask = 2147483647;
			files = (
				3BDD19972144DCD5009E744A /* Document.m in Sources */,
				3BDFAF52214348AA00143AF2 /* main.m in Sources */,
				3BDFAF44214348A900143AF2 /* AppDelegate.m in Sources */,
				3BDD19942144D854009E744A /* DocumentCollection.m in Sources */,
				3BDD19922144D104009E744A /* TableViewCell.m in Sources */,
				3BDD198F2144D0A3009E744A /* TableViewController.m in Sources */,
			);
			runOnlyForDeploymentPostprocessing = 0;
		};
/* End PBXSourcesBuildPhase section */

/* Begin PBXVariantGroup section */
		3BDFAF48214348A900143AF2 /* Main.storyboard */ = {
			isa = PBXVariantGroup;
			children = (
				3BDFAF49214348A900143AF2 /* Base */,
			);
			name = Main.storyboard;
			sourceTree = "<group>";
		};
		3BDFAF4D214348AA00143AF2 /* LaunchScreen.storyboard */ = {
			isa = PBXVariantGroup;
			children = (
				3BDFAF4E214348AA00143AF2 /* Base */,
			);
			name = LaunchScreen.storyboard;
			sourceTree = "<group>";
		};
/* End PBXVariantGroup section */

/* Begin XCBuildConfiguration section */
		3BDFAF53214348AA00143AF2 /* Debug */ = {
			isa = XCBuildConfiguration;
			buildSettings = {
				ALWAYS_SEARCH_USER_PATHS = NO;
				CLANG_ANALYZER_NONNULL = YES;
				CLANG_ANALYZER_NUMBER_OBJECT_CONVERSION = YES_AGGRESSIVE;
				CLANG_CXX_LANGUAGE_STANDARD = "gnu++14";
				CLANG_CXX_LIBRARY = "libc++";
				CLANG_ENABLE_MODULES = YES;
				CLANG_ENABLE_OBJC_ARC = YES;
				CLANG_ENABLE_OBJC_WEAK = YES;
				CLANG_WARN_BLOCK_CAPTURE_AUTORELEASING = YES;
				CLANG_WARN_BOOL_CONVERSION = YES;
				CLANG_WARN_COMMA = YES;
				CLANG_WARN_CONSTANT_CONVERSION = YES;
				CLANG_WARN_DEPRECATED_OBJC_IMPLEMENTATIONS = YES;
				CLANG_WARN_DIRECT_OBJC_ISA_USAGE = YES_ERROR;
				CLANG_WARN_DOCUMENTATION_COMMENTS = YES;
				CLANG_WARN_EMPTY_BODY = YES;
				CLANG_WARN_ENUM_CONVERSION = YES;
				CLANG_WARN_INFINITE_RECURSION = YES;
				CLANG_WARN_INT_CONVERSION = YES;
				CLANG_WARN_NON_LITERAL_NULL_CONVERSION = YES;
				CLANG_WARN_OBJC_IMPLICIT_RETAIN_SELF = YES;
				CLANG_WARN_OBJC_LITERAL_CONVERSION = YES;
				CLANG_WARN_OBJC_ROOT_CLASS = YES_ERROR;
				CLANG_WARN_RANGE_LOOP_ANALYSIS = YES;
				CLANG_WARN_STRICT_PROTOTYPES = YES;
				CLANG_WARN_SUSPICIOUS_MOVE = YES;
				CLANG_WARN_UNGUARDED_AVAILABILITY = YES_AGGRESSIVE;
				CLANG_WARN_UNREACHABLE_CODE = YES;
				CLANG_WARN__DUPLICATE_METHOD_MATCH = YES;
				CODE_SIGN_IDENTITY = "iPhone Developer";
				COPY_PHASE_STRIP = NO;
				DEBUG_INFORMATION_FORMAT = dwarf;
				ENABLE_STRICT_OBJC_MSGSEND = YES;
				ENABLE_TESTABILITY = YES;
				GCC_C_LANGUAGE_STANDARD = gnu11;
				GCC_DYNAMIC_NO_PIC = NO;
				GCC_NO_COMMON_BLOCKS = YES;
				GCC_OPTIMIZATION_LEVEL = 0;
				GCC_PREPROCESSOR_DEFINITIONS = (
					"DEBUG=1",
					"$(inherited)",
				);
				GCC_WARN_64_TO_32_BIT_CONVERSION = YES;
				GCC_WARN_ABOUT_RETURN_TYPE = YES_ERROR;
				GCC_WARN_UNDECLARED_SELECTOR = YES;
				GCC_WARN_UNINITIALIZED_AUTOS = YES_AGGRESSIVE;
				GCC_WARN_UNUSED_FUNCTION = YES;
				GCC_WARN_UNUSED_VARIABLE = YES;
				IPHONEOS_DEPLOYMENT_TARGET = 11.4;
				MTL_ENABLE_DEBUG_INFO = YES;
				ONLY_ACTIVE_ARCH = YES;
				SDKROOT = iphoneos;
			};
			name = Debug;
		};
		3BDFAF54214348AA00143AF2 /* Release */ = {
			isa = XCBuildConfiguration;
			buildSettings = {
				ALWAYS_SEARCH_USER_PATHS = NO;
				CLANG_ANALYZER_NONNULL = YES;
				CLANG_ANALYZER_NUMBER_OBJECT_CONVERSION = YES_AGGRESSIVE;
				CLANG_CXX_LANGUAGE_STANDARD = "gnu++14";
				CLANG_CXX_LIBRARY = "libc++";
				CLANG_ENABLE_MODULES = YES;
				CLANG_ENABLE_OBJC_ARC = YES;
				CLANG_ENABLE_OBJC_WEAK = YES;
				CLANG_WARN_BLOCK_CAPTURE_AUTORELEASING = YES;
				CLANG_WARN_BOOL_CONVERSION = YES;
				CLANG_WARN_COMMA = YES;
				CLANG_WARN_CONSTANT_CONVERSION = YES;
				CLANG_WARN_DEPRECATED_OBJC_IMPLEMENTATIONS = YES;
				CLANG_WARN_DIRECT_OBJC_ISA_USAGE = YES_ERROR;
				CLANG_WARN_DOCUMENTATION_COMMENTS = YES;
				CLANG_WARN_EMPTY_BODY = YES;
				CLANG_WARN_ENUM_CONVERSION = YES;
				CLANG_WARN_INFINITE_RECURSION = YES;
				CLANG_WARN_INT_CONVERSION = YES;
				CLANG_WARN_NON_LITERAL_NULL_CONVERSION = YES;
				CLANG_WARN_OBJC_IMPLICIT_RETAIN_SELF = YES;
				CLANG_WARN_OBJC_LITERAL_CONVERSION = YES;
				CLANG_WARN_OBJC_ROOT_CLASS = YES_ERROR;
				CLANG_WARN_RANGE_LOOP_ANALYSIS = YES;
				CLANG_WARN_STRICT_PROTOTYPES = YES;
				CLANG_WARN_SUSPICIOUS_MOVE = YES;
				CLANG_WARN_UNGUARDED_AVAILABILITY = YES_AGGRESSIVE;
				CLANG_WARN_UNREACHABLE_CODE = YES;
				CLANG_WARN__DUPLICATE_METHOD_MATCH = YES;
				CODE_SIGN_IDENTITY = "iPhone Developer";
				COPY_PHASE_STRIP = NO;
				DEBUG_INFORMATION_FORMAT = "dwarf-with-dsym";
				ENABLE_NS_ASSERTIONS = NO;
				ENABLE_STRICT_OBJC_MSGSEND = YES;
				GCC_C_LANGUAGE_STANDARD = gnu11;
				GCC_NO_COMMON_BLOCKS = YES;
				GCC_WARN_64_TO_32_BIT_CONVERSION = YES;
				GCC_WARN_ABOUT_RETURN_TYPE = YES_ERROR;
				GCC_WARN_UNDECLARED_SELECTOR = YES;
				GCC_WARN_UNINITIALIZED_AUTOS = YES_AGGRESSIVE;
				GCC_WARN_UNUSED_FUNCTION = YES;
				GCC_WARN_UNUSED_VARIABLE = YES;
				IPHONEOS_DEPLOYMENT_TARGET = 11.4;
				MTL_ENABLE_DEBUG_INFO = NO;
				SDKROOT = iphoneos;
				VALIDATE_PRODUCT = YES;
			};
			name = Release;
		};
		3BDFAF56214348AA00143AF2 /* Debug */ = {
			isa = XCBuildConfiguration;
			buildSettings = {
				ASSETCATALOG_COMPILER_APPICON_NAME = AppIcon;
				CODE_SIGN_STYLE = Automatic;
				DEVELOPMENT_TEAM = NM9E6W7574;
				INFOPLIST_FILE = EVCAppProto/Info.plist;
				LD_RUNPATH_SEARCH_PATHS = (
					"$(inherited)",
					"@executable_path/Frameworks",
				);
				PRODUCT_BUNDLE_IDENTIFIER = com.appamajigger.EVCAppProto;
				PRODUCT_NAME = "$(TARGET_NAME)";
				TARGETED_DEVICE_FAMILY = "1,2";
			};
			name = Debug;
		};
		3BDFAF57214348AA00143AF2 /* Release */ = {
			isa = XCBuildConfiguration;
			buildSettings = {
				ASSETCATALOG_COMPILER_APPICON_NAME = AppIcon;
				CODE_SIGN_STYLE = Automatic;
				DEVELOPMENT_TEAM = NM9E6W7574;
				INFOPLIST_FILE = EVCAppProto/Info.plist;
				LD_RUNPATH_SEARCH_PATHS = (
					"$(inherited)",
					"@executable_path/Frameworks",
				);
				PRODUCT_BUNDLE_IDENTIFIER = com.appamajigger.EVCAppProto;
				PRODUCT_NAME = "$(TARGET_NAME)";
				TARGETED_DEVICE_FAMILY = "1,2";
			};
			name = Release;
		};
/* End XCBuildConfiguration section */

/* Begin XCConfigurationList section */
		3BDFAF3A214348A900143AF2 /* Build configuration list for PBXProject "EVCAppProto" */ = {
			isa = XCConfigurationList;
			buildConfigurations = (
				3BDFAF53214348AA00143AF2 /* Debug */,
				3BDFAF54214348AA00143AF2 /* Release */,
			);
			defaultConfigurationIsVisible = 0;
			defaultConfigurationName = Release;
		};
		3BDFAF55214348AA00143AF2 /* Build configuration list for PBXNativeTarget "EVCAppProto" */ = {
			isa = XCConfigurationList;
			buildConfigurations = (
				3BDFAF56214348AA00143AF2 /* Debug */,
				3BDFAF57214348AA00143AF2 /* Release */,
			);
			defaultConfigurationIsVisible = 0;
			defaultConfigurationName = Release;
		};
/* End XCConfigurationList section */
	};
	rootObject = 3BDFAF37214348A900143AF2 /* Project object */;
}
